
Microsoft Visual Studio Solution File, Format Version 12.00
# Visual Studio 15
VisualStudioVersion = 15.0.27004.2009
MinimumVisualStudioVersion = 10.0.40219.1
Project("{FAE04EC0-301F-11D3-BF4B-00C04F79EFBC}") = "isCryptSolution", "isCryptSolution\isCryptSolution.csproj", "{20658110-A550-4419-842A-68E6D07DE05A}"
EndProject
Global
	GlobalSection(SolutionConfigurationPlatforms) = preSolution
		Debug|Any CPU = Debug|Any CPU
		Release|Any CPU = Release|Any CPU
	EndGlobalSection
	GlobalSection(ProjectConfigurationPlatforms) = postSolution
		{20658110-A550-4419-842A-68E6D07DE05A}.Debug|Any CPU.ActiveCfg = Debug|Any CPU
		{20658110-A550-4419-842A-68E6D07DE05A}.Debug|Any CPU.Build.0 = Debug|Any CPU
		{20658110-A550-4419-842A-68E6D07DE05A}.Release|Any CPU.ActiveCfg = Release|Any CPU
		{20658110-A550-4419-842A-68E6D07DE05A}.Release|Any CPU.Build.0 = Release|Any CPU
	EndGlobalSection
	GlobalSection(SolutionProperties) = preSolution
		HideSolutionNode = FALSE
	EndGlobalSection
	GlobalSection(ExtensibilityGlobals) = postSolution
		SolutionGuid = {78BBAE24-0CF2-459E-A91B-02EBCCAE1837}
	EndGlobalSection
EndGlobal
